# THIS IS AN AUTOGENERATED FILE. DO NOT EDIT THIS FILE DIRECTLY.
# yarn lockfile v1


esy@^0.6.10:
  version "0.6.10"
  resolved "https://registry.yarnpkg.com/esy/-/esy-0.6.10.tgz#918de2ad7e40793978c63b8216563408527cc25e"
  integrity sha512-O+mWNPB9NJqDr3CA1PUbWUO1ZSy53ksZWivGrvbquATR5INlp3CYguwkq4BzZACg1s1bVYyhr7byjB/l1nuGRA==

ocaml@^4.12.0:
  version "4.12.0"
  resolved "https://registry.yarnpkg.com/ocaml/-/ocaml-4.12.0.tgz#2a979f37535faaded8aa3fdf82b6f16f2c71e284"
  integrity sha512-bwxLn0EdLVf0wleHgsdrTsVGiw4DCFCLCvoxHG/hwAnCloKbQEVSHso75LYLOOeW7m6Wrguz3M+pSkJVnvZ4og==
